{
  "name": "vue-stripe",
  "lockfileVersion": 3,
  "requires": true,
  "packages": {
    "": {
      "dependencies": {
        "@stripe/stripe-js": "^1.52.1"
      }
    },
    "node_modules/@stripe/stripe-js": {
      "version": "1.52.1",
      "resolved": "https://registry.npmjs.org/@stripe/stripe-js/-/stripe-js-1.52.1.tgz",
      "integrity": "sha512-fza40OPSpGQlFxc5TZWiYC/6Lk89Sep1fLuv9ss33YS6lCAF8UZbfA1E6W+lwO4c7WRKZIZumHIEbPJfP/O9uw=="
    }
  }
}
